
Microsoft Visual Studio Solution File, Format Version 12.00
# Visual Studio Version 16
VisualStudioVersion = 16.0.29806.167
MinimumVisualStudioVersion = 10.0.40219.1
Project("{2150E333-8FDC-42A3-9474-1A3956D46DE8}") = "Web", "Web", "{E389DEB6-5F90-444B-A054-12A10D39C76F}"
EndProject
Project("{2150E333-8FDC-42A3-9474-1A3956D46DE8}") = "Data", "Data", "{ACBE44C4-E198-45E2-BA02-6655250A0006}"
EndProject
Project("{2150E333-8FDC-42A3-9474-1A3956D46DE8}") = "Services", "Services", "{516E002B-9E6E-4456-B7F6-EAA353966DE6}"
EndProject
Project("{2150E333-8FDC-42A3-9474-1A3956D46DE8}") = "Tests", "Tests", "{7A731632-6714-44E2-A9E4-069EBA9E666C}"
EndProject
Project("{9A19103F-16F7-4668-BE54-9A1E7A4F7556}") = "Sandbox", "Tests\Sandbox\Sandbox.csproj", "{8AB6B92A-0837-4BDE-B950-10BE3FF2B6A8}"
EndProject
Project("{9A19103F-16F7-4668-BE54-9A1E7A4F7556}") = "BeOnTime.Common", "BeOnTime.Common\BeOnTime.Common.csproj", "{D49CF4FE-79A2-4F1D-9109-95FD4D147FA8}"
EndProject
Project("{9A19103F-16F7-4668-BE54-9A1E7A4F7556}") = "BeOnTime.Web", "Web\BeOnTime.Web\BeOnTime.Web.csproj", "{685FA0AC-6E6C-4023-966E-0B48A2382894}"
EndProject
Project("{9A19103F-16F7-4668-BE54-9A1E7A4F7556}") = "BeOnTime.Web.Infrastructure", "Web\BeOnTime.Web.Infrastructure\BeOnTime.Web.Infrastructure.csproj", "{525003E1-FEAD-4B63-9305-FF840546F343}"
EndProject
Project("{9A19103F-16F7-4668-BE54-9A1E7A4F7556}") = "BeOnTime.Web.ViewModels", "Web\BeOnTime.Web.ViewModels\BeOnTime.Web.ViewModels.csproj", "{7EE1F70B-4A7D-493D-8934-8D3DB06F2E19}"
EndProject
Project("{9A19103F-16F7-4668-BE54-9A1E7A4F7556}") = "BeOnTime.Services.Data.Tests", "Tests\BeOnTime.Services.Data.Tests\BeOnTime.Services.Data.Tests.csproj", "{8DAEF695-CDDF-40DB-8FC1-AA98B61EF46C}"
EndProject
Project("{9A19103F-16F7-4668-BE54-9A1E7A4F7556}") = "BeOnTime.Web.Tests", "Tests\BeOnTime.Web.Tests\BeOnTime.Web.Tests.csproj", "{7CC28CFD-0C50-4B50-9BF7-E543D9E97F40}"
EndProject
Project("{9A19103F-16F7-4668-BE54-9A1E7A4F7556}") = "BeOnTime.Services", "Services\BeOnTime.Services\BeOnTime.Services.csproj", "{6A66C5F4-ECE7-4306-965D-911C2CBF3274}"
EndProject
Project("{9A19103F-16F7-4668-BE54-9A1E7A4F7556}") = "BeOnTime.Services.Data", "Services\BeOnTime.Services.Data\BeOnTime.Services.Data.csproj", "{33309CF8-572D-498B-B4EA-B44E5EF222DD}"
EndProject
Project("{9A19103F-16F7-4668-BE54-9A1E7A4F7556}") = "BeOnTime.Services.Mapping", "Services\BeOnTime.Services.Mapping\BeOnTime.Services.Mapping.csproj", "{5B3B5B1F-8183-4904-A286-E1453AD5507F}"
EndProject
Project("{9A19103F-16F7-4668-BE54-9A1E7A4F7556}") = "BeOnTime.Services.Messaging", "Services\BeOnTime.Services.Messaging\BeOnTime.Services.Messaging.csproj", "{EB3F0F47-CC01-4B32-A382-1A5D34DF9FBF}"
EndProject
Project("{9A19103F-16F7-4668-BE54-9A1E7A4F7556}") = "BeOnTime.Data", "Data\BeOnTime.Data\BeOnTime.Data.csproj", "{341DCCD2-3BC8-487C-AD8B-11016797B970}"
EndProject
Project("{9A19103F-16F7-4668-BE54-9A1E7A4F7556}") = "BeOnTime.Data.Common", "Data\BeOnTime.Data.Common\BeOnTime.Data.Common.csproj", "{A3A4F934-907E-4E3D-90EB-2C756BA8E33F}"
EndProject
Project("{9A19103F-16F7-4668-BE54-9A1E7A4F7556}") = "BeOnTime.Data.Models", "Data\BeOnTime.Data.Models\BeOnTime.Data.Models.csproj", "{9FC0142B-B248-4A8D-ACF0-38A5A5F1F0E2}"
EndProject
Global
	GlobalSection(SolutionConfigurationPlatforms) = preSolution
		Debug|Any CPU = Debug|Any CPU
		Release|Any CPU = Release|Any CPU
	EndGlobalSection
	GlobalSection(ProjectConfigurationPlatforms) = postSolution
		{8AB6B92A-0837-4BDE-B950-10BE3FF2B6A8}.Debug|Any CPU.ActiveCfg = Debug|Any CPU
		{8AB6B92A-0837-4BDE-B950-10BE3FF2B6A8}.Debug|Any CPU.Build.0 = Debug|Any CPU
		{8AB6B92A-0837-4BDE-B950-10BE3FF2B6A8}.Release|Any CPU.ActiveCfg = Release|Any CPU
		{8AB6B92A-0837-4BDE-B950-10BE3FF2B6A8}.Release|Any CPU.Build.0 = Release|Any CPU
		{D49CF4FE-79A2-4F1D-9109-95FD4D147FA8}.Debug|Any CPU.ActiveCfg = Debug|Any CPU
		{D49CF4FE-79A2-4F1D-9109-95FD4D147FA8}.Debug|Any CPU.Build.0 = Debug|Any CPU
		{D49CF4FE-79A2-4F1D-9109-95FD4D147FA8}.Release|Any CPU.ActiveCfg = Release|Any CPU
		{D49CF4FE-79A2-4F1D-9109-95FD4D147FA8}.Release|Any CPU.Build.0 = Release|Any CPU
		{685FA0AC-6E6C-4023-966E-0B48A2382894}.Debug|Any CPU.ActiveCfg = Debug|Any CPU
		{685FA0AC-6E6C-4023-966E-0B48A2382894}.Debug|Any CPU.Build.0 = Debug|Any CPU
		{685FA0AC-6E6C-4023-966E-0B48A2382894}.Release|Any CPU.ActiveCfg = Release|Any CPU
		{685FA0AC-6E6C-4023-966E-0B48A2382894}.Release|Any CPU.Build.0 = Release|Any CPU
		{525003E1-FEAD-4B63-9305-FF840546F343}.Debug|Any CPU.ActiveCfg = Debug|Any CPU
		{525003E1-FEAD-4B63-9305-FF840546F343}.Debug|Any CPU.Build.0 = Debug|Any CPU
		{525003E1-FEAD-4B63-9305-FF840546F343}.Release|Any CPU.ActiveCfg = Release|Any CPU
		{525003E1-FEAD-4B63-9305-FF840546F343}.Release|Any CPU.Build.0 = Release|Any CPU
		{7EE1F70B-4A7D-493D-8934-8D3DB06F2E19}.Debug|Any CPU.ActiveCfg = Debug|Any CPU
		{7EE1F70B-4A7D-493D-8934-8D3DB06F2E19}.Debug|Any CPU.Build.0 = Debug|Any CPU
		{7EE1F70B-4A7D-493D-8934-8D3DB06F2E19}.Release|Any CPU.ActiveCfg = Release|Any CPU
		{7EE1F70B-4A7D-493D-8934-8D3DB06F2E19}.Release|Any CPU.Build.0 = Release|Any CPU
		{8DAEF695-CDDF-40DB-8FC1-AA98B61EF46C}.Debug|Any CPU.ActiveCfg = Debug|Any CPU
		{8DAEF695-CDDF-40DB-8FC1-AA98B61EF46C}.Debug|Any CPU.Build.0 = Debug|Any CPU
		{8DAEF695-CDDF-40DB-8FC1-AA98B61EF46C}.Release|Any CPU.ActiveCfg = Release|Any CPU
		{8DAEF695-CDDF-40DB-8FC1-AA98B61EF46C}.Release|Any CPU.Build.0 = Release|Any CPU
		{7CC28CFD-0C50-4B50-9BF7-E543D9E97F40}.Debug|Any CPU.ActiveCfg = Debug|Any CPU
		{7CC28CFD-0C50-4B50-9BF7-E543D9E97F40}.Debug|Any CPU.Build.0 = Debug|Any CPU
		{7CC28CFD-0C50-4B50-9BF7-E543D9E97F40}.Release|Any CPU.ActiveCfg = Release|Any CPU
		{7CC28CFD-0C50-4B50-9BF7-E543D9E97F40}.Release|Any CPU.Build.0 = Release|Any CPU
		{6A66C5F4-ECE7-4306-965D-911C2CBF3274}.Debug|Any CPU.ActiveCfg = Debug|Any CPU
		{6A66C5F4-ECE7-4306-965D-911C2CBF3274}.Debug|Any CPU.Build.0 = Debug|Any CPU
		{6A66C5F4-ECE7-4306-965D-911C2CBF3274}.Release|Any CPU.ActiveCfg = Release|Any CPU
		{6A66C5F4-ECE7-4306-965D-911C2CBF3274}.Release|Any CPU.Build.0 = Release|Any CPU
		{33309CF8-572D-498B-B4EA-B44E5EF222DD}.Debug|Any CPU.ActiveCfg = Debug|Any CPU
		{33309CF8-572D-498B-B4EA-B44E5EF222DD}.Debug|Any CPU.Build.0 = Debug|Any CPU
		{33309CF8-572D-498B-B4EA-B44E5EF222DD}.Release|Any CPU.ActiveCfg = Release|Any CPU
		{33309CF8-572D-498B-B4EA-B44E5EF222DD}.Release|Any CPU.Build.0 = Release|Any CPU
		{5B3B5B1F-8183-4904-A286-E1453AD5507F}.Debug|Any CPU.ActiveCfg = Debug|Any CPU
		{5B3B5B1F-8183-4904-A286-E1453AD5507F}.Debug|Any CPU.Build.0 = Debug|Any CPU
		{5B3B5B1F-8183-4904-A286-E1453AD5507F}.Release|Any CPU.ActiveCfg = Release|Any CPU
		{5B3B5B1F-8183-4904-A286-E1453AD5507F}.Release|Any CPU.Build.0 = Release|Any CPU
		{EB3F0F47-CC01-4B32-A382-1A5D34DF9FBF}.Debug|Any CPU.ActiveCfg = Debug|Any CPU
		{EB3F0F47-CC01-4B32-A382-1A5D34DF9FBF}.Debug|Any CPU.Build.0 = Debug|Any CPU
		{EB3F0F47-CC01-4B32-A382-1A5D34DF9FBF}.Release|Any CPU.ActiveCfg = Release|Any CPU
		{EB3F0F47-CC01-4B32-A382-1A5D34DF9FBF}.Release|Any CPU.Build.0 = Release|Any CPU
		{341DCCD2-3BC8-487C-AD8B-11016797B970}.Debug|Any CPU.ActiveCfg = Debug|Any CPU
		{341DCCD2-3BC8-487C-AD8B-11016797B970}.Debug|Any CPU.Build.0 = Debug|Any CPU
		{341DCCD2-3BC8-487C-AD8B-11016797B970}.Release|Any CPU.ActiveCfg = Release|Any CPU
		{341DCCD2-3BC8-487C-AD8B-11016797B970}.Release|Any CPU.Build.0 = Release|Any CPU
		{A3A4F934-907E-4E3D-90EB-2C756BA8E33F}.Debug|Any CPU.ActiveCfg = Debug|Any CPU
		{A3A4F934-907E-4E3D-90EB-2C756BA8E33F}.Debug|Any CPU.Build.0 = Debug|Any CPU
		{A3A4F934-907E-4E3D-90EB-2C756BA8E33F}.Release|Any CPU.ActiveCfg = Release|Any CPU
		{A3A4F934-907E-4E3D-90EB-2C756BA8E33F}.Release|Any CPU.Build.0 = Release|Any CPU
		{9FC0142B-B248-4A8D-ACF0-38A5A5F1F0E2}.Debug|Any CPU.ActiveCfg = Debug|Any CPU
		{9FC0142B-B248-4A8D-ACF0-38A5A5F1F0E2}.Debug|Any CPU.Build.0 = Debug|Any CPU
		{9FC0142B-B248-4A8D-ACF0-38A5A5F1F0E2}.Release|Any CPU.ActiveCfg = Release|Any CPU
		{9FC0142B-B248-4A8D-ACF0-38A5A5F1F0E2}.Release|Any CPU.Build.0 = Release|Any CPU
	EndGlobalSection
	GlobalSection(SolutionProperties) = preSolution
		HideSolutionNode = FALSE
	EndGlobalSection
	GlobalSection(NestedProjects) = preSolution
		{8AB6B92A-0837-4BDE-B950-10BE3FF2B6A8} = {7A731632-6714-44E2-A9E4-069EBA9E666C}
		{685FA0AC-6E6C-4023-966E-0B48A2382894} = {E389DEB6-5F90-444B-A054-12A10D39C76F}
		{525003E1-FEAD-4B63-9305-FF840546F343} = {E389DEB6-5F90-444B-A054-12A10D39C76F}
		{7EE1F70B-4A7D-493D-8934-8D3DB06F2E19} = {E389DEB6-5F90-444B-A054-12A10D39C76F}
		{8DAEF695-CDDF-40DB-8FC1-AA98B61EF46C} = {7A731632-6714-44E2-A9E4-069EBA9E666C}
		{7CC28CFD-0C50-4B50-9BF7-E543D9E97F40} = {7A731632-6714-44E2-A9E4-069EBA9E666C}
		{6A66C5F4-ECE7-4306-965D-911C2CBF3274} = {516E002B-9E6E-4456-B7F6-EAA353966DE6}
		{33309CF8-572D-498B-B4EA-B44E5EF222DD} = {516E002B-9E6E-4456-B7F6-EAA353966DE6}
		{5B3B5B1F-8183-4904-A286-E1453AD5507F} = {516E002B-9E6E-4456-B7F6-EAA353966DE6}
		{EB3F0F47-CC01-4B32-A382-1A5D34DF9FBF} = {516E002B-9E6E-4456-B7F6-EAA353966DE6}
		{341DCCD2-3BC8-487C-AD8B-11016797B970} = {ACBE44C4-E198-45E2-BA02-6655250A0006}
		{A3A4F934-907E-4E3D-90EB-2C756BA8E33F} = {ACBE44C4-E198-45E2-BA02-6655250A0006}
		{9FC0142B-B248-4A8D-ACF0-38A5A5F1F0E2} = {ACBE44C4-E198-45E2-BA02-6655250A0006}
	EndGlobalSection
	GlobalSection(ExtensibilityGlobals) = postSolution
		SolutionGuid = {384484BE-4680-4529-9CC2-AD37BA4D12D1}
	EndGlobalSection
EndGlobal
